
Microsoft Visual Studio Solution File, Format Version 12.00
# Visual Studio Version 17
VisualStudioVersion = 17.0.31903.59
MinimumVisualStudioVersion = 10.0.40219.1
Project("{2150E333-8FDC-42A3-9474-1A3956D46DE8}") = "src", "src", "{827E0CD3-B72D-47B6-A68D-7590B98EB39B}"
EndProject
Project("{FAE04EC0-301F-11D3-BF4B-00C04F79EFBC}") = "DigitalTwinA4WZ2.Hmi", "src\DigitalTwinA4WZ2.Hmi\DigitalTwinA4WZ2.Hmi.csproj", "{1FA6889C-6E18-442B-8404-E5A7621D1F99}"
EndProject
Project("{FAE04EC0-301F-11D3-BF4B-00C04F79EFBC}") = "DigitalTwinA4WZ2.Domain", "src\DigitalTwinA4WZ2.Domain\DigitalTwinA4WZ2.Domain.csproj", "{25B0E7A3-BD9A-4A22-9952-7EA5083DCE89}"
EndProject
Project("{FAE04EC0-301F-11D3-BF4B-00C04F79EFBC}") = "DigitalTwinA4WZ2.Application", "src\DigitalTwinA4WZ2.Application\DigitalTwinA4WZ2.Application.csproj", "{2BE76568-10A0-43FA-9B37-BDAE4DEA0DF6}"
EndProject
Project("{FAE04EC0-301F-11D3-BF4B-00C04F79EFBC}") = "DigitalTwinA4WZ2.Infrastructure", "src\DigitalTwinA4WZ2.Infrastructure\DigitalTwinA4WZ2.Infrastructure.csproj", "{75230468-73FD-4C01-BEE0-FC63B1F2B94F}"
EndProject
Project("{FAE04EC0-301F-11D3-BF4B-00C04F79EFBC}") = "DigitalTwinA4WZ2.Plc.Modbus", "src\DigitalTwinA4WZ2.Plc.Modbus\DigitalTwinA4WZ2.Plc.Modbus.csproj", "{B3D5E983-FAED-48EF-A3A5-336564857B89}"
EndProject
Project("{FAE04EC0-301F-11D3-BF4B-00C04F79EFBC}") = "DigitalTwinA4WZ2.Acquisition", "src\DigitalTwinA4WZ2.Acquisition\DigitalTwinA4WZ2.Acquisition.csproj", "{28ECB291-2D29-45F4-9B93-8F22F8D41CFE}"
EndProject
Project("{FAE04EC0-301F-11D3-BF4B-00C04F79EFBC}") = "DigitalTwinA4WZ2.SignalProcessing", "src\DigitalTwinA4WZ2.SignalProcessing\DigitalTwinA4WZ2.SignalProcessing.csproj", "{BC79FDBC-2C09-41E6-95E3-355A72819641}"
EndProject
Project("{FAE04EC0-301F-11D3-BF4B-00C04F79EFBC}") = "DigitalTwinA4WZ2.DigitalTwinBridge", "src\DigitalTwinA4WZ2.DigitalTwinBridge\DigitalTwinA4WZ2.DigitalTwinBridge.csproj", "{0D640023-DF66-4F36-A8DF-9F863B624A1B}"
EndProject
Project("{FAE04EC0-301F-11D3-BF4B-00C04F79EFBC}") = "DigitalTwinA4WZ2.Simulator", "src\DigitalTwinA4WZ2.Simulator\DigitalTwinA4WZ2.Simulator.csproj", "{1A778D12-794B-45D6-9084-D3773663D6CC}"
EndProject
Project("{2150E333-8FDC-42A3-9474-1A3956D46DE8}") = "tests", "tests", "{0AB3BF05-4346-4AA6-1389-037BE0695223}"
EndProject
Project("{FAE04EC0-301F-11D3-BF4B-00C04F79EFBC}") = "DigitalTwinA4WZ2.Domain.Tests", "tests\DigitalTwinA4WZ2.Domain.Tests\DigitalTwinA4WZ2.Domain.Tests.csproj", "{CBDFFA7A-9BE6-4235-93B7-696CB5A4AE43}"
EndProject
Project("{FAE04EC0-301F-11D3-BF4B-00C04F79EFBC}") = "DigitalTwinA4WZ2.Application.Tests", "tests\DigitalTwinA4WZ2.Application.Tests\DigitalTwinA4WZ2.Application.Tests.csproj", "{4FEC7FE0-C821-42BA-8847-BB62536A9F0E}"
EndProject
Project("{FAE04EC0-301F-11D3-BF4B-00C04F79EFBC}") = "DigitalTwinA4WZ2.SignalProcessing.Tests", "tests\DigitalTwinA4WZ2.SignalProcessing.Tests\DigitalTwinA4WZ2.SignalProcessing.Tests.csproj", "{0EDC71C1-91A7-434D-AB47-33C20CB2C509}"
EndProject
Project("{FAE04EC0-301F-11D3-BF4B-00C04F79EFBC}") = "DigitalTwinA4WZ2.IntegrationTests", "tests\DigitalTwinA4WZ2.IntegrationTests\DigitalTwinA4WZ2.IntegrationTests.csproj", "{2FD275DC-4024-47E7-BF5E-2B40710A85D3}"
EndProject
Global
	GlobalSection(SolutionConfigurationPlatforms) = preSolution
		Debug|Any CPU = Debug|Any CPU
		Debug|x64 = Debug|x64
		Debug|x86 = Debug|x86
		Release|Any CPU = Release|Any CPU
		Release|x64 = Release|x64
		Release|x86 = Release|x86
	EndGlobalSection
	GlobalSection(ProjectConfigurationPlatforms) = postSolution
		{1FA6889C-6E18-442B-8404-E5A7621D1F99}.Debug|Any CPU.ActiveCfg = Debug|Any CPU
		{1FA6889C-6E18-442B-8404-E5A7621D1F99}.Debug|Any CPU.Build.0 = Debug|Any CPU
		{1FA6889C-6E18-442B-8404-E5A7621D1F99}.Debug|x64.ActiveCfg = Debug|Any CPU
		{1FA6889C-6E18-442B-8404-E5A7621D1F99}.Debug|x64.Build.0 = Debug|Any CPU
		{1FA6889C-6E18-442B-8404-E5A7621D1F99}.Debug|x86.ActiveCfg = Debug|Any CPU
		{1FA6889C-6E18-442B-8404-E5A7621D1F99}.Debug|x86.Build.0 = Debug|Any CPU
		{1FA6889C-6E18-442B-8404-E5A7621D1F99}.Release|Any CPU.ActiveCfg = Release|Any CPU
		{1FA6889C-6E18-442B-8404-E5A7621D1F99}.Release|Any CPU.Build.0 = Release|Any CPU
		{1FA6889C-6E18-442B-8404-E5A7621D1F99}.Release|x64.ActiveCfg = Release|Any CPU
		{1FA6889C-6E18-442B-8404-E5A7621D1F99}.Release|x64.Build.0 = Release|Any CPU
		{1FA6889C-6E18-442B-8404-E5A7621D1F99}.Release|x86.ActiveCfg = Release|Any CPU
		{1FA6889C-6E18-442B-8404-E5A7621D1F99}.Release|x86.Build.0 = Release|Any CPU
		{25B0E7A3-BD9A-4A22-9952-7EA5083DCE89}.Debug|Any CPU.ActiveCfg = Debug|Any CPU
		{25B0E7A3-BD9A-4A22-9952-7EA5083DCE89}.Debug|Any CPU.Build.0 = Debug|Any CPU
		{25B0E7A3-BD9A-4A22-9952-7EA5083DCE89}.Debug|x64.ActiveCfg = Debug|Any CPU
		{25B0E7A3-BD9A-4A22-9952-7EA5083DCE89}.Debug|x64.Build.0 = Debug|Any CPU
		{25B0E7A3-BD9A-4A22-9952-7EA5083DCE89}.Debug|x86.ActiveCfg = Debug|Any CPU
		{25B0E7A3-BD9A-4A22-9952-7EA5083DCE89}.Debug|x86.Build.0 = Debug|Any CPU
		{25B0E7A3-BD9A-4A22-9952-7EA5083DCE89}.Release|Any CPU.ActiveCfg = Release|Any CPU
		{25B0E7A3-BD9A-4A22-9952-7EA5083DCE89}.Release|Any CPU.Build.0 = Release|Any CPU
		{25B0E7A3-BD9A-4A22-9952-7EA5083DCE89}.Release|x64.ActiveCfg = Release|Any CPU
		{25B0E7A3-BD9A-4A22-9952-7EA5083DCE89}.Release|x64.Build.0 = Release|Any CPU
		{25B0E7A3-BD9A-4A22-9952-7EA5083DCE89}.Release|x86.ActiveCfg = Release|Any CPU
		{25B0E7A3-BD9A-4A22-9952-7EA5083DCE89}.Release|x86.Build.0 = Release|Any CPU
		{2BE76568-10A0-43FA-9B37-BDAE4DEA0DF6}.Debug|Any CPU.ActiveCfg = Debug|Any CPU
		{2BE76568-10A0-43FA-9B37-BDAE4DEA0DF6}.Debug|Any CPU.Build.0 = Debug|Any CPU
		{2BE76568-10A0-43FA-9B37-BDAE4DEA0DF6}.Debug|x64.ActiveCfg = Debug|Any CPU
		{2BE76568-10A0-43FA-9B37-BDAE4DEA0DF6}.Debug|x64.Build.0 = Debug|Any CPU
		{2BE76568-10A0-43FA-9B37-BDAE4DEA0DF6}.Debug|x86.ActiveCfg = Debug|Any CPU
		{2BE76568-10A0-43FA-9B37-BDAE4DEA0DF6}.Debug|x86.Build.0 = Debug|Any CPU
		{2BE76568-10A0-43FA-9B37-BDAE4DEA0DF6}.Release|Any CPU.ActiveCfg = Release|Any CPU
		{2BE76568-10A0-43FA-9B37-BDAE4DEA0DF6}.Release|Any CPU.Build.0 = Release|Any CPU
		{2BE76568-10A0-43FA-9B37-BDAE4DEA0DF6}.Release|x64.ActiveCfg = Release|Any CPU
		{2BE76568-10A0-43FA-9B37-BDAE4DEA0DF6}.Release|x64.Build.0 = Release|Any CPU
		{2BE76568-10A0-43FA-9B37-BDAE4DEA0DF6}.Release|x86.ActiveCfg = Release|Any CPU
		{2BE76568-10A0-43FA-9B37-BDAE4DEA0DF6}.Release|x86.Build.0 = Release|Any CPU
		{75230468-73FD-4C01-BEE0-FC63B1F2B94F}.Debug|Any CPU.ActiveCfg = Debug|Any CPU
		{75230468-73FD-4C01-BEE0-FC63B1F2B94F}.Debug|Any CPU.Build.0 = Debug|Any CPU
		{75230468-73FD-4C01-BEE0-FC63B1F2B94F}.Debug|x64.ActiveCfg = Debug|Any CPU
		{75230468-73FD-4C01-BEE0-FC63B1F2B94F}.Debug|x64.Build.0 = Debug|Any CPU
		{75230468-73FD-4C01-BEE0-FC63B1F2B94F}.Debug|x86.ActiveCfg = Debug|Any CPU
		{75230468-73FD-4C01-BEE0-FC63B1F2B94F}.Debug|x86.Build.0 = Debug|Any CPU
		{75230468-73FD-4C01-BEE0-FC63B1F2B94F}.Release|Any CPU.ActiveCfg = Release|Any CPU
		{75230468-73FD-4C01-BEE0-FC63B1F2B94F}.Release|Any CPU.Build.0 = Release|Any CPU
		{75230468-73FD-4C01-BEE0-FC63B1F2B94F}.Release|x64.ActiveCfg = Release|Any CPU
		{75230468-73FD-4C01-BEE0-FC63B1F2B94F}.Release|x64.Build.0 = Release|Any CPU
		{75230468-73FD-4C01-BEE0-FC63B1F2B94F}.Release|x86.ActiveCfg = Release|Any CPU
		{75230468-73FD-4C01-BEE0-FC63B1F2B94F}.Release|x86.Build.0 = Release|Any CPU
		{B3D5E983-FAED-48EF-A3A5-336564857B89}.Debug|Any CPU.ActiveCfg = Debug|Any CPU
		{B3D5E983-FAED-48EF-A3A5-336564857B89}.Debug|Any CPU.Build.0 = Debug|Any CPU
		{B3D5E983-FAED-48EF-A3A5-336564857B89}.Debug|x64.ActiveCfg = Debug|Any CPU
		{B3D5E983-FAED-48EF-A3A5-336564857B89}.Debug|x64.Build.0 = Debug|Any CPU
		{B3D5E983-FAED-48EF-A3A5-336564857B89}.Debug|x86.ActiveCfg = Debug|Any CPU
		{B3D5E983-FAED-48EF-A3A5-336564857B89}.Debug|x86.Build.0 = Debug|Any CPU
		{B3D5E983-FAED-48EF-A3A5-336564857B89}.Release|Any CPU.ActiveCfg = Release|Any CPU
		{B3D5E983-FAED-48EF-A3A5-336564857B89}.Release|Any CPU.Build.0 = Release|Any CPU
		{B3D5E983-FAED-48EF-A3A5-336564857B89}.Release|x64.ActiveCfg = Release|Any CPU
		{B3D5E983-FAED-48EF-A3A5-336564857B89}.Release|x64.Build.0 = Release|Any CPU
		{B3D5E983-FAED-48EF-A3A5-336564857B89}.Release|x86.ActiveCfg = Release|Any CPU
		{B3D5E983-FAED-48EF-A3A5-336564857B89}.Release|x86.Build.0 = Release|Any CPU
		{28ECB291-2D29-45F4-9B93-8F22F8D41CFE}.Debug|Any CPU.ActiveCfg = Debug|Any CPU
		{28ECB291-2D29-45F4-9B93-8F22F8D41CFE}.Debug|Any CPU.Build.0 = Debug|Any CPU
		{28ECB291-2D29-45F4-9B93-8F22F8D41CFE}.Debug|x64.ActiveCfg = Debug|Any CPU
		{28ECB291-2D29-45F4-9B93-8F22F8D41CFE}.Debug|x64.Build.0 = Debug|Any CPU
		{28ECB291-2D29-45F4-9B93-8F22F8D41CFE}.Debug|x86.ActiveCfg = Debug|Any CPU
		{28ECB291-2D29-45F4-9B93-8F22F8D41CFE}.Debug|x86.Build.0 = Debug|Any CPU
		{28ECB291-2D29-45F4-9B93-8F22F8D41CFE}.Release|Any CPU.ActiveCfg = Release|Any CPU
		{28ECB291-2D29-45F4-9B93-8F22F8D41CFE}.Release|Any CPU.Build.0 = Release|Any CPU
		{28ECB291-2D29-45F4-9B93-8F22F8D41CFE}.Release|x64.ActiveCfg = Release|Any CPU
		{28ECB291-2D29-45F4-9B93-8F22F8D41CFE}.Release|x64.Build.0 = Release|Any CPU
		{28ECB291-2D29-45F4-9B93-8F22F8D41CFE}.Release|x86.ActiveCfg = Release|Any CPU
		{28ECB291-2D29-45F4-9B93-8F22F8D41CFE}.Release|x86.Build.0 = Release|Any CPU
		{BC79FDBC-2C09-41E6-95E3-355A72819641}.Debug|Any CPU.ActiveCfg = Debug|Any CPU
		{BC79FDBC-2C09-41E6-95E3-355A72819641}.Debug|Any CPU.Build.0 = Debug|Any CPU
		{BC79FDBC-2C09-41E6-95E3-355A72819641}.Debug|x64.ActiveCfg = Debug|Any CPU
		{BC79FDBC-2C09-41E6-95E3-355A72819641}.Debug|x64.Build.0 = Debug|Any CPU
		{BC79FDBC-2C09-41E6-95E3-355A72819641}.Debug|x86.ActiveCfg = Debug|Any CPU
		{BC79FDBC-2C09-41E6-95E3-355A72819641}.Debug|x86.Build.0 = Debug|Any CPU
		{BC79FDBC-2C09-41E6-95E3-355A72819641}.Release|Any CPU.ActiveCfg = Release|Any CPU
		{BC79FDBC-2C09-41E6-95E3-355A72819641}.Release|Any CPU.Build.0 = Release|Any CPU
		{BC79FDBC-2C09-41E6-95E3-355A72819641}.Release|x64.ActiveCfg = Release|Any CPU
		{BC79FDBC-2C09-41E6-95E3-355A72819641}.Release|x64.Build.0 = Release|Any CPU
		{BC79FDBC-2C09-41E6-95E3-355A72819641}.Release|x86.ActiveCfg = Release|Any CPU
		{BC79FDBC-2C09-41E6-95E3-355A72819641}.Release|x86.Build.0 = Release|Any CPU
		{0D640023-DF66-4F36-A8DF-9F863B624A1B}.Debug|Any CPU.ActiveCfg = Debug|Any CPU
		{0D640023-DF66-4F36-A8DF-9F863B624A1B}.Debug|Any CPU.Build.0 = Debug|Any CPU
		{0D640023-DF66-4F36-A8DF-9F863B624A1B}.Debug|x64.ActiveCfg = Debug|Any CPU
		{0D640023-DF66-4F36-A8DF-9F863B624A1B}.Debug|x64.Build.0 = Debug|Any CPU
		{0D640023-DF66-4F36-A8DF-9F863B624A1B}.Debug|x86.ActiveCfg = Debug|Any CPU
		{0D640023-DF66-4F36-A8DF-9F863B624A1B}.Debug|x86.Build.0 = Debug|Any CPU
		{0D640023-DF66-4F36-A8DF-9F863B624A1B}.Release|Any CPU.ActiveCfg = Release|Any CPU
		{0D640023-DF66-4F36-A8DF-9F863B624A1B}.Release|Any CPU.Build.0 = Release|Any CPU
		{0D640023-DF66-4F36-A8DF-9F863B624A1B}.Release|x64.ActiveCfg = Release|Any CPU
		{0D640023-DF66-4F36-A8DF-9F863B624A1B}.Release|x64.Build.0 = Release|Any CPU
		{0D640023-DF66-4F36-A8DF-9F863B624A1B}.Release|x86.ActiveCfg = Release|Any CPU
		{0D640023-DF66-4F36-A8DF-9F863B624A1B}.Release|x86.Build.0 = Release|Any CPU
		{1A778D12-794B-45D6-9084-D3773663D6CC}.Debug|Any CPU.ActiveCfg = Debug|Any CPU
		{1A778D12-794B-45D6-9084-D3773663D6CC}.Debug|Any CPU.Build.0 = Debug|Any CPU
		{1A778D12-794B-45D6-9084-D3773663D6CC}.Debug|x64.ActiveCfg = Debug|Any CPU
		{1A778D12-794B-45D6-9084-D3773663D6CC}.Debug|x64.Build.0 = Debug|Any CPU
		{1A778D12-794B-45D6-9084-D3773663D6CC}.Debug|x86.ActiveCfg = Debug|Any CPU
		{1A778D12-794B-45D6-9084-D3773663D6CC}.Debug|x86.Build.0 = Debug|Any CPU
		{1A778D12-794B-45D6-9084-D3773663D6CC}.Release|Any CPU.ActiveCfg = Release|Any CPU
		{1A778D12-794B-45D6-9084-D3773663D6CC}.Release|Any CPU.Build.0 = Release|Any CPU
		{1A778D12-794B-45D6-9084-D3773663D6CC}.Release|x64.ActiveCfg = Release|Any CPU
		{1A778D12-794B-45D6-9084-D3773663D6CC}.Release|x64.Build.0 = Release|Any CPU
		{1A778D12-794B-45D6-9084-D3773663D6CC}.Release|x86.ActiveCfg = Release|Any CPU
		{1A778D12-794B-45D6-9084-D3773663D6CC}.Release|x86.Build.0 = Release|Any CPU
		{CBDFFA7A-9BE6-4235-93B7-696CB5A4AE43}.Debug|Any CPU.ActiveCfg = Debug|Any CPU
		{CBDFFA7A-9BE6-4235-93B7-696CB5A4AE43}.Debug|Any CPU.Build.0 = Debug|Any CPU
		{CBDFFA7A-9BE6-4235-93B7-696CB5A4AE43}.Debug|x64.ActiveCfg = Debug|Any CPU
		{CBDFFA7A-9BE6-4235-93B7-696CB5A4AE43}.Debug|x64.Build.0 = Debug|Any CPU
		{CBDFFA7A-9BE6-4235-93B7-696CB5A4AE43}.Debug|x86.ActiveCfg = Debug|Any CPU
		{CBDFFA7A-9BE6-4235-93B7-696CB5A4AE43}.Debug|x86.Build.0 = Debug|Any CPU
		{CBDFFA7A-9BE6-4235-93B7-696CB5A4AE43}.Release|Any CPU.ActiveCfg = Release|Any CPU
		{CBDFFA7A-9BE6-4235-93B7-696CB5A4AE43}.Release|Any CPU.Build.0 = Release|Any CPU
		{CBDFFA7A-9BE6-4235-93B7-696CB5A4AE43}.Release|x64.ActiveCfg = Release|Any CPU
		{CBDFFA7A-9BE6-4235-93B7-696CB5A4AE43}.Release|x64.Build.0 = Release|Any CPU
		{CBDFFA7A-9BE6-4235-93B7-696CB5A4AE43}.Release|x86.ActiveCfg = Release|Any CPU
		{CBDFFA7A-9BE6-4235-93B7-696CB5A4AE43}.Release|x86.Build.0 = Release|Any CPU
		{4FEC7FE0-C821-42BA-8847-BB62536A9F0E}.Debug|Any CPU.ActiveCfg = Debug|Any CPU
		{4FEC7FE0-C821-42BA-8847-BB62536A9F0E}.Debug|Any CPU.Build.0 = Debug|Any CPU
		{4FEC7FE0-C821-42BA-8847-BB62536A9F0E}.Debug|x64.ActiveCfg = Debug|Any CPU
		{4FEC7FE0-C821-42BA-8847-BB62536A9F0E}.Debug|x64.Build.0 = Debug|Any CPU
		{4FEC7FE0-C821-42BA-8847-BB62536A9F0E}.Debug|x86.ActiveCfg = Debug|Any CPU
		{4FEC7FE0-C821-42BA-8847-BB62536A9F0E}.Debug|x86.Build.0 = Debug|Any CPU
		{4FEC7FE0-C821-42BA-8847-BB62536A9F0E}.Release|Any CPU.ActiveCfg = Release|Any CPU
		{4FEC7FE0-C821-42BA-8847-BB62536A9F0E}.Release|Any CPU.Build.0 = Release|Any CPU
		{4FEC7FE0-C821-42BA-8847-BB62536A9F0E}.Release|x64.ActiveCfg = Release|Any CPU
		{4FEC7FE0-C821-42BA-8847-BB62536A9F0E}.Release|x64.Build.0 = Release|Any CPU
		{4FEC7FE0-C821-42BA-8847-BB62536A9F0E}.Release|x86.ActiveCfg = Release|Any CPU
		{4FEC7FE0-C821-42BA-8847-BB62536A9F0E}.Release|x86.Build.0 = Release|Any CPU
		{0EDC71C1-91A7-434D-AB47-33C20CB2C509}.Debug|Any CPU.ActiveCfg = Debug|Any CPU
		{0EDC71C1-91A7-434D-AB47-33C20CB2C509}.Debug|Any CPU.Build.0 = Debug|Any CPU
		{0EDC71C1-91A7-434D-AB47-33C20CB2C509}.Debug|x64.ActiveCfg = Debug|Any CPU
		{0EDC71C1-91A7-434D-AB47-33C20CB2C509}.Debug|x64.Build.0 = Debug|Any CPU
		{0EDC71C1-91A7-434D-AB47-33C20CB2C509}.Debug|x86.ActiveCfg = Debug|Any CPU
		{0EDC71C1-91A7-434D-AB47-33C20CB2C509}.Debug|x86.Build.0 = Debug|Any CPU
		{0EDC71C1-91A7-434D-AB47-33C20CB2C509}.Release|Any CPU.ActiveCfg = Release|Any CPU
		{0EDC71C1-91A7-434D-AB47-33C20CB2C509}.Release|Any CPU.Build.0 = Release|Any CPU
		{0EDC71C1-91A7-434D-AB47-33C20CB2C509}.Release|x64.ActiveCfg = Release|Any CPU
		{0EDC71C1-91A7-434D-AB47-33C20CB2C509}.Release|x64.Build.0 = Release|Any CPU
		{0EDC71C1-91A7-434D-AB47-33C20CB2C509}.Release|x86.ActiveCfg = Release|Any CPU
		{0EDC71C1-91A7-434D-AB47-33C20CB2C509}.Release|x86.Build.0 = Release|Any CPU
		{2FD275DC-4024-47E7-BF5E-2B40710A85D3}.Debug|Any CPU.ActiveCfg = Debug|Any CPU
		{2FD275DC-4024-47E7-BF5E-2B40710A85D3}.Debug|Any CPU.Build.0 = Debug|Any CPU
		{2FD275DC-4024-47E7-BF5E-2B40710A85D3}.Debug|x64.ActiveCfg = Debug|Any CPU
		{2FD275DC-4024-47E7-BF5E-2B40710A85D3}.Debug|x64.Build.0 = Debug|Any CPU
		{2FD275DC-4024-47E7-BF5E-2B40710A85D3}.Debug|x86.ActiveCfg = Debug|Any CPU
		{2FD275DC-4024-47E7-BF5E-2B40710A85D3}.Debug|x86.Build.0 = Debug|Any CPU
		{2FD275DC-4024-47E7-BF5E-2B40710A85D3}.Release|Any CPU.ActiveCfg = Release|Any CPU
		{2FD275DC-4024-47E7-BF5E-2B40710A85D3}.Release|Any CPU.Build.0 = Release|Any CPU
		{2FD275DC-4024-47E7-BF5E-2B40710A85D3}.Release|x64.ActiveCfg = Release|Any CPU
		{2FD275DC-4024-47E7-BF5E-2B40710A85D3}.Release|x64.Build.0 = Release|Any CPU
		{2FD275DC-4024-47E7-BF5E-2B40710A85D3}.Release|x86.ActiveCfg = Release|Any CPU
		{2FD275DC-4024-47E7-BF5E-2B40710A85D3}.Release|x86.Build.0 = Release|Any CPU
	EndGlobalSection
	GlobalSection(SolutionProperties) = preSolution
		HideSolutionNode = FALSE
	EndGlobalSection
	GlobalSection(NestedProjects) = preSolution
		{1FA6889C-6E18-442B-8404-E5A7621D1F99} = {827E0CD3-B72D-47B6-A68D-7590B98EB39B}
		{25B0E7A3-BD9A-4A22-9952-7EA5083DCE89} = {827E0CD3-B72D-47B6-A68D-7590B98EB39B}
		{2BE76568-10A0-43FA-9B37-BDAE4DEA0DF6} = {827E0CD3-B72D-47B6-A68D-7590B98EB39B}
		{75230468-73FD-4C01-BEE0-FC63B1F2B94F} = {827E0CD3-B72D-47B6-A68D-7590B98EB39B}
		{B3D5E983-FAED-48EF-A3A5-336564857B89} = {827E0CD3-B72D-47B6-A68D-7590B98EB39B}
		{28ECB291-2D29-45F4-9B93-8F22F8D41CFE} = {827E0CD3-B72D-47B6-A68D-7590B98EB39B}
		{BC79FDBC-2C09-41E6-95E3-355A72819641} = {827E0CD3-B72D-47B6-A68D-7590B98EB39B}
		{0D640023-DF66-4F36-A8DF-9F863B624A1B} = {827E0CD3-B72D-47B6-A68D-7590B98EB39B}
		{1A778D12-794B-45D6-9084-D3773663D6CC} = {827E0CD3-B72D-47B6-A68D-7590B98EB39B}
		{CBDFFA7A-9BE6-4235-93B7-696CB5A4AE43} = {0AB3BF05-4346-4AA6-1389-037BE0695223}
		{4FEC7FE0-C821-42BA-8847-BB62536A9F0E} = {0AB3BF05-4346-4AA6-1389-037BE0695223}
		{0EDC71C1-91A7-434D-AB47-33C20CB2C509} = {0AB3BF05-4346-4AA6-1389-037BE0695223}
		{2FD275DC-4024-47E7-BF5E-2B40710A85D3} = {0AB3BF05-4346-4AA6-1389-037BE0695223}
	EndGlobalSection
EndGlobal
